
Microsoft Visual Studio Solution File, Format Version 12.00
# Visual Studio 15
VisualStudioVersion = 15.0.27004.2009
MinimumVisualStudioVersion = 10.0.40219.1
Project("{FAE04EC0-301F-11D3-BF4B-00C04F79EFBC}") = "HNEnterpreneur", "HNEnterpreneur\HNEnterpreneur.csproj", "{ECBDCAA1-C3E2-4B9D-B419-4263620BD3AE}"
EndProject
Global
	GlobalSection(SolutionConfigurationPlatforms) = preSolution
		Debug|Any CPU = Debug|Any CPU
		Release|Any CPU = Release|Any CPU
	EndGlobalSection
	GlobalSection(ProjectConfigurationPlatforms) = postSolution
		{ECBDCAA1-C3E2-4B9D-B419-4263620BD3AE}.Debug|Any CPU.ActiveCfg = Debug|Any CPU
		{ECBDCAA1-C3E2-4B9D-B419-4263620BD3AE}.Debug|Any CPU.Build.0 = Debug|Any CPU
		{ECBDCAA1-C3E2-4B9D-B419-4263620BD3AE}.Release|Any CPU.ActiveCfg = Release|Any CPU
		{ECBDCAA1-C3E2-4B9D-B419-4263620BD3AE}.Release|Any CPU.Build.0 = Release|Any CPU
	EndGlobalSection
	GlobalSection(SolutionProperties) = preSolution
		HideSolutionNode = FALSE
	EndGlobalSection
	GlobalSection(ExtensibilityGlobals) = postSolution
		SolutionGuid = {27E8B3EC-301A-4EE1-BC09-436194854B78}
	EndGlobalSection
EndGlobal
